
Microsoft Visual Studio Solution File, Format Version 12.00
# Visual Studio Version 17
VisualStudioVersion = 17.7.34221.43
MinimumVisualStudioVersion = 10.0.40219.1
Project("{9A19103F-16F7-4668-BE54-9A1E7A4F7556}") = "CPPMaterials", "CPPMaterials.csproj", "{E2FA829A-9CBB-4869-A4E4-0A85DE6F80CB}"
EndProject
Global
	GlobalSection(SolutionConfigurationPlatforms) = preSolution
		Debug|Any CPU = Debug|Any CPU
		Release|Any CPU = Release|Any CPU
	EndGlobalSection
	GlobalSection(ProjectConfigurationPlatforms) = postSolution
		{E2FA829A-9CBB-4869-A4E4-0A85DE6F80CB}.Debug|Any CPU.ActiveCfg = Debug|Any CPU
		{E2FA829A-9CBB-4869-A4E4-0A85DE6F80CB}.Debug|Any CPU.Build.0 = Debug|Any CPU
		{E2FA829A-9CBB-4869-A4E4-0A85DE6F80CB}.Release|Any CPU.ActiveCfg = Release|Any CPU
		{E2FA829A-9CBB-4869-A4E4-0A85DE6F80CB}.Release|Any CPU.Build.0 = Release|Any CPU
	EndGlobalSection
	GlobalSection(SolutionProperties) = preSolution
		HideSolutionNode = FALSE
	EndGlobalSection
	GlobalSection(ExtensibilityGlobals) = postSolution
		SolutionGuid = {CBE70C6F-E193-475C-A601-E21674854AAA}
	EndGlobalSection
EndGlobal
